// !$*UTF8*$!
{
	archiveVersion = 1;
	classes = {
	};
	objectVersion = 46;
	objects = {

/* Begin PBXBuildFile section */
		1D0981DB1AD2053C007A9B0B /* Sky.png in Resources */ = {isa = PBXBuildFile; fileRef = 1D0981DA1AD2053C007A9B0B /* Sky.png */; };
		1D617AF11AD1C7C50022D738 /* main.m in Sources */ = {isa = PBXBuildFile; fileRef = 1D617AF01AD1C7C50022D738 /* main.m */; };
		1D617AF41AD1C7C50022D738 /* AppDelegate.m in Sources */ = {isa = PBXBuildFile; fileRef = 1D617AF31AD1C7C50022D738 /* AppDelegate.m */; };
		1D617AFC1AD1C7C50022D738 /* GameViewController.m in Sources */ = {isa = PBXBuildFile; fileRef = 1D617AFB1AD1C7C50022D738 /* GameViewController.m */; };
		1D617AFF1AD1C7C50022D738 /* Main.storyboard in Resources */ = {isa = PBXBuildFile; fileRef = 1D617AFD1AD1C7C50022D738 /* Main.storyboard */; };
		1D617B041AD1C7C50022D738 /* LaunchScreen.xib in Resources */ = {isa = PBXBuildFile; fileRef = 1D617B021AD1C7C50022D738 /* LaunchScreen.xib */; };
		1D617B101AD1C7C50022D738 /* PERSON_BOWING_DEEPLYTests.m in Sources */ = {isa = PBXBuildFile; fileRef = 1D617B0F1AD1C7C50022D738 /* PERSON_BOWING_DEEPLYTests.m */; };
		1D617B1D1AD1DCB80022D738 /* PBDScene.m in Sources */ = {isa = PBXBuildFile; fileRef = 1D617B1C1AD1DCB80022D738 /* PBDScene.m */; };
		1DB104CC1AD21F7300AF32F3 /* Images.xcassets in Resources */ = {isa = PBXBuildFile; fileRef = 1DB104CB1AD21F7300AF32F3 /* Images.xcassets */; };
/* End PBXBuildFile section */

/* Begin PBXContainerItemProxy section */
		1D617B0A1AD1C7C50022D738 /* PBXContainerItemProxy */ = {
			isa = PBXContainerItemProxy;
			containerPortal = 1D617AE31AD1C7C50022D738 /* Project object */;
			proxyType = 1;
			remoteGlobalIDString = 1D617AEA1AD1C7C50022D738;
			remoteInfo = "PERSON BOWING DEEPLY";
		};
/* End PBXContainerItemProxy section */

/* Begin PBXFileReference section */
		1D0981DA1AD2053C007A9B0B /* Sky.png */ = {isa = PBXFileReference; lastKnownFileType = image.png; path = Sky.png; sourceTree = "<group>"; };
		1D617AEB1AD1C7C50022D738 /* PERSON BOWING DEEPLY.app */ = {isa = PBXFileReference; explicitFileType = wrapper.application; includeInIndex = 0; path = "PERSON BOWING DEEPLY.app"; sourceTree = BUILT_PRODUCTS_DIR; };
		1D617AEF1AD1C7C50022D738 /* Info.plist */ = {isa = PBXFileReference; lastKnownFileType = text.plist.xml; path = Info.plist; sourceTree = "<group>"; };
		1D617AF01AD1C7C50022D738 /* main.m */ = {isa = PBXFileReference; lastKnownFileType = sourcecode.c.objc; path = main.m; sourceTree = "<group>"; };
		1D617AF21AD1C7C50022D738 /* AppDelegate.h */ = {isa = PBXFileReference; lastKnownFileType = sourcecode.c.h; path = AppDelegate.h; sourceTree = "<group>"; };
		1D617AF31AD1C7C50022D738 /* AppDelegate.m */ = {isa = PBXFileReference; lastKnownFileType = sourcecode.c.objc; path = AppDelegate.m; sourceTree = "<group>"; };
		1D617AFA1AD1C7C50022D738 /* GameViewController.h */ = {isa = PBXFileReference; lastKnownFileType = sourcecode.c.h; path = GameViewController.h; sourceTree = "<group>"; };
		1D617AFB1AD1C7C50022D738 /* GameViewController.m */ = {isa = PBXFileReference; lastKnownFileType = sourcecode.c.objc; path = GameViewController.m; sourceTree = "<group>"; };
		1D617AFE1AD1C7C50022D738 /* Base */ = {isa = PBXFileReference; lastKnownFileType = file.storyboard; name = Base; path = Base.lproj/Main.storyboard; sourceTree = "<group>"; };
		1D617B031AD1C7C50022D738 /* Base */ = {isa = PBXFileReference; lastKnownFileType = file.xib; name = Base; path = Base.lproj/LaunchScreen.xib; sourceTree = "<group>"; };
		1D617B091AD1C7C50022D738 /* PERSON BOWING DEEPLYTests.xctest */ = {isa = PBXFileReference; explicitFileType = wrapper.cfbundle; includeInIndex = 0; path = "PERSON BOWING DEEPLYTests.xctest"; sourceTree = BUILT_PRODUCTS_DIR; };
		1D617B0E1AD1C7C50022D738 /* Info.plist */ = {isa = PBXFileReference; lastKnownFileType = text.plist.xml; path = Info.plist; sourceTree = "<group>"; };
		1D617B0F1AD1C7C50022D738 /* PERSON_BOWING_DEEPLYTests.m */ = {isa = PBXFileReference; lastKnownFileType = sourcecode.c.objc; path = PERSON_BOWING_DEEPLYTests.m; sourceTree = "<group>"; };
		1D617B1B1AD1DCB80022D738 /* PBDScene.h */ = {isa = PBXFileReference; fileEncoding = 4; lastKnownFileType = sourcecode.c.h; path = PBDScene.h; sourceTree = "<group>"; };
		1D617B1C1AD1DCB80022D738 /* PBDScene.m */ = {isa = PBXFileReference; fileEncoding = 4; lastKnownFileType = sourcecode.c.objc; path = PBDScene.m; sourceTree = "<group>"; };
		1DB104CB1AD21F7300AF32F3 /* Images.xcassets */ = {isa = PBXFileReference; lastKnownFileType = folder.assetcatalog; path = Images.xcassets; sourceTree = "<group>"; };
/* End PBXFileReference section */

/* Begin PBXFrameworksBuildPhase section */
		1D617AE81AD1C7C50022D738 /* Frameworks */ = {
			isa = PBXFrameworksBuildPhase;
			buildActionMask = 2147483647;
			files = (
			);
			runOnlyForDeploymentPostprocessing = 0;
		};
		1D617B061AD1C7C50022D738 /* Frameworks */ = {
			isa = PBXFrameworksBuildPhase;
			buildActionMask = 2147483647;
			files = (
			);
			runOnlyForDeploymentPostprocessing = 0;
		};
/* End PBXFrameworksBuildPhase section */

/* Begin PBXGroup section */
		1D617AE21AD1C7C50022D738 = {
			isa = PBXGroup;
			children = (
				1D617AED1AD1C7C50022D738 /* PERSON BOWING DEEPLY */,
				1D617B0C1AD1C7C50022D738 /* PERSON BOWING DEEPLYTests */,
				1D617AEC1AD1C7C50022D738 /* Products */,
			);
			sourceTree = "<group>";
		};
		1D617AEC1AD1C7C50022D738 /* Products */ = {
			isa = PBXGroup;
			children = (
				1D617AEB1AD1C7C50022D738 /* PERSON BOWING DEEPLY.app */,
				1D617B091AD1C7C50022D738 /* PERSON BOWING DEEPLYTests.xctest */,
			);
			name = Products;
			sourceTree = "<group>";
		};
		1D617AED1AD1C7C50022D738 /* PERSON BOWING DEEPLY */ = {
			isa = PBXGroup;
			children = (
				1DB104CB1AD21F7300AF32F3 /* Images.xcassets */,
				1D0981DA1AD2053C007A9B0B /* Sky.png */,
				1D617AF21AD1C7C50022D738 /* AppDelegate.h */,
				1D617AF31AD1C7C50022D738 /* AppDelegate.m */,
				1D617AFA1AD1C7C50022D738 /* GameViewController.h */,
				1D617AFB1AD1C7C50022D738 /* GameViewController.m */,
				1D617AFD1AD1C7C50022D738 /* Main.storyboard */,
				1D617B021AD1C7C50022D738 /* LaunchScreen.xib */,
				1D617AEE1AD1C7C50022D738 /* Supporting Files */,
				1D617B1B1AD1DCB80022D738 /* PBDScene.h */,
				1D617B1C1AD1DCB80022D738 /* PBDScene.m */,
			);
			path = "PERSON BOWING DEEPLY";
			sourceTree = "<group>";
		};
		1D617AEE1AD1C7C50022D738 /* Supporting Files */ = {
			isa = PBXGroup;
			children = (
				1D617AEF1AD1C7C50022D738 /* Info.plist */,
				1D617AF01AD1C7C50022D738 /* main.m */,
			);
			name = "Supporting Files";
			sourceTree = "<group>";
		};
		1D617B0C1AD1C7C50022D738 /* PERSON BOWING DEEPLYTests */ = {
			isa = PBXGroup;
			children = (
				1D617B0F1AD1C7C50022D738 /* PERSON_BOWING_DEEPLYTests.m */,
				1D617B0D1AD1C7C50022D738 /* Supporting Files */,
			);
			path = "PERSON BOWING DEEPLYTests";
			sourceTree = "<group>";
		};
		1D617B0D1AD1C7C50022D738 /* Supporting Files */ = {
			isa = PBXGroup;
			children = (
				1D617B0E1AD1C7C50022D738 /* Info.plist */,
			);
			name = "Supporting Files";
			sourceTree = "<group>";
		};
/* End PBXGroup section */

/* Begin PBXNativeTarget section */
		1D617AEA1AD1C7C50022D738 /* PERSON BOWING DEEPLY */ = {
			isa = PBXNativeTarget;
			buildConfigurationList = 1D617B131AD1C7C50022D738 /* Build configuration list for PBXNativeTarget "PERSON BOWING DEEPLY" */;
			buildPhases = (
				1D617AE71AD1C7C50022D738 /* Sources */,
				1D617AE81AD1C7C50022D738 /* Frameworks */,
				1D617AE91AD1C7C50022D738 /* Resources */,
			);
			buildRules = (
			);
			dependencies = (
			);
			name = "PERSON BOWING DEEPLY";
			productName = "PERSON BOWING DEEPLY";
			productReference = 1D617AEB1AD1C7C50022D738 /* PERSON BOWING DEEPLY.app */;
			productType = "com.apple.product-type.application";
		};
		1D617B081AD1C7C50022D738 /* PERSON BOWING DEEPLYTests */ = {
			isa = PBXNativeTarget;
			buildConfigurationList = 1D617B161AD1C7C50022D738 /* Build configuration list for PBXNativeTarget "PERSON BOWING DEEPLYTests" */;
			buildPhases = (
				1D617B051AD1C7C50022D738 /* Sources */,
				1D617B061AD1C7C50022D738 /* Frameworks */,
				1D617B071AD1C7C50022D738 /* Resources */,
			);
			buildRules = (
			);
			dependencies = (
				1D617B0B1AD1C7C50022D738 /* PBXTargetDependency */,
			);
			name = "PERSON BOWING DEEPLYTests";
			productName = "PERSON BOWING DEEPLYTests";
			productReference = 1D617B091AD1C7C50022D738 /* PERSON BOWING DEEPLYTests.xctest */;
			productType = "com.apple.product-type.bundle.unit-test";
		};
/* End PBXNativeTarget section */

/* Begin PBXProject section */
		1D617AE31AD1C7C50022D738 /* Project object */ = {
			isa = PBXProject;
			attributes = {
				LastUpgradeCheck = 0630;
				ORGANIZATIONNAME = "Matthew Pavlinsky";
				TargetAttributes = {
					1D617AEA1AD1C7C50022D738 = {
						CreatedOnToolsVersion = 6.3;
					};
					1D617B081AD1C7C50022D738 = {
						CreatedOnToolsVersion = 6.3;
						TestTargetID = 1D617AEA1AD1C7C50022D738;
					};
				};
			};
			buildConfigurationList = 1D617AE61AD1C7C50022D738 /* Build configuration list for PBXProject "PERSON BOWING DEEPLY" */;
			compatibilityVersion = "Xcode 3.2";
			developmentRegion = English;
			hasScannedForEncodings = 0;
			knownRegions = (
				en,
				Base,
			);
			mainGroup = 1D617AE21AD1C7C50022D738;
			productRefGroup = 1D617AEC1AD1C7C50022D738 /* Products */;
			projectDirPath = "";
			projectRoot = "";
			targets = (
				1D617AEA1AD1C7C50022D738 /* PERSON BOWING DEEPLY */,
				1D617B081AD1C7C50022D738 /* PERSON BOWING DEEPLYTests */,
			);
		};
/* End PBXProject section */

/* Begin PBXResourcesBuildPhase section */
		1D617AE91AD1C7C50022D738 /* Resources */ = {
			isa = PBXResourcesBuildPhase;
			buildActionMask = 2147483647;
			files = (
				1D617B041AD1C7C50022D738 /* LaunchScreen.xib in Resources */,
				1DB104CC1AD21F7300AF32F3 /* Images.xcassets in Resources */,
				1D0981DB1AD2053C007A9B0B /* Sky.png in Resources */,
				1D617AFF1AD1C7C50022D738 /* Main.storyboard in Resources */,
			);
			runOnlyForDeploymentPostprocessing = 0;
		};
		1D617B071AD1C7C50022D738 /* Resources */ = {
			isa = PBXResourcesBuildPhase;
			buildActionMask = 2147483647;
			files = (
			);
			runOnlyForDeploymentPostprocessing = 0;
		};
/* End PBXResourcesBuildPhase section */

/* Begin PBXSourcesBuildPhase section */
		1D617AE71AD1C7C50022D738 /* Sources */ = {
			isa = PBXSourcesBuildPhase;
			buildActionMask = 2147483647;
			files = (
				1D617AFC1AD1C7C50022D738 /* GameViewController.m in Sources */,
				1D617B1D1AD1DCB80022D738 /* PBDScene.m in Sources */,
				1D617AF41AD1C7C50022D738 /* AppDelegate.m in Sources */,
				1D617AF11AD1C7C50022D738 /* main.m in Sources */,
			);
			runOnlyForDeploymentPostprocessing = 0;
		};
		1D617B051AD1C7C50022D738 /* Sources */ = {
			isa = PBXSourcesBuildPhase;
			buildActionMask = 2147483647;
			files = (
				1D617B101AD1C7C50022D738 /* PERSON_BOWING_DEEPLYTests.m in Sources */,
			);
			runOnlyForDeploymentPostprocessing = 0;
		};
/* End PBXSourcesBuildPhase section */

/* Begin PBXTargetDependency section */
		1D617B0B1AD1C7C50022D738 /* PBXTargetDependency */ = {
			isa = PBXTargetDependency;
			target = 1D617AEA1AD1C7C50022D738 /* PERSON BOWING DEEPLY */;
			targetProxy = 1D617B0A1AD1C7C50022D738 /* PBXContainerItemProxy */;
		};
/* End PBXTargetDependency section */

/* Begin PBXVariantGroup section */
		1D617AFD1AD1C7C50022D738 /* Main.storyboard */ = {
			isa = PBXVariantGroup;
			children = (
				1D617AFE1AD1C7C50022D738 /* Base */,
			);
			name = Main.storyboard;
			sourceTree = "<group>";
		};
		1D617B021AD1C7C50022D738 /* LaunchScreen.xib */ = {
			isa = PBXVariantGroup;
			children = (
				1D617B031AD1C7C50022D738 /* Base */,
			);
			name = LaunchScreen.xib;
			sourceTree = "<group>";
		};
/* End PBXVariantGroup section */

/* Begin XCBuildConfiguration section */
		1D617B111AD1C7C50022D738 /* Debug */ = {
			isa = XCBuildConfiguration;
			buildSettings = {
				ALWAYS_SEARCH_USER_PATHS = NO;
				CLANG_CXX_LANGUAGE_STANDARD = "gnu++0x";
				CLANG_CXX_LIBRARY = "libc++";
				CLANG_ENABLE_MODULES = YES;
				CLANG_ENABLE_OBJC_ARC = YES;
				CLANG_WARN_BOOL_CONVERSION = YES;
				CLANG_WARN_CONSTANT_CONVERSION = YES;
				CLANG_WARN_DIRECT_OBJC_ISA_USAGE = YES_ERROR;
				CLANG_WARN_EMPTY_BODY = YES;
				CLANG_WARN_ENUM_CONVERSION = YES;
				CLANG_WARN_INT_CONVERSION = YES;
				CLANG_WARN_OBJC_ROOT_CLASS = YES_ERROR;
				CLANG_WARN_UNREACHABLE_CODE = YES;
				CLANG_WARN__DUPLICATE_METHOD_MATCH = YES;
				"CODE_SIGN_IDENTITY[sdk=iphoneos*]" = "iPhone Developer";
				COPY_PHASE_STRIP = NO;
				DEBUG_INFORMATION_FORMAT = dwarf;
				ENABLE_STRICT_OBJC_MSGSEND = YES;
				GCC_C_LANGUAGE_STANDARD = gnu99;
				GCC_DYNAMIC_NO_PIC = NO;
				GCC_OPTIMIZATION_LEVEL = 0;
				GCC_PREPROCESSOR_DEFINITIONS = (
					"DEBUG=1",
					"$(inherited)",
				);
				GCC_SYMBOLS_PRIVATE_EXTERN = NO;
				GCC_WARN_64_TO_32_BIT_CONVERSION = YES;
				GCC_WARN_ABOUT_RETURN_TYPE = YES_ERROR;
				GCC_WARN_UNDECLARED_SELECTOR = YES;
				GCC_WARN_UNINITIALIZED_AUTOS = YES_AGGRESSIVE;
				GCC_WARN_UNUSED_FUNCTION = YES;
				GCC_WARN_UNUSED_VARIABLE = YES;
				IPHONEOS_DEPLOYMENT_TARGET = 8.3;
				MTL_ENABLE_DEBUG_INFO = YES;
				ONLY_ACTIVE_ARCH = YES;
				SDKROOT = iphoneos;
				TARGETED_DEVICE_FAMILY = "1,2";
			};
			name = Debug;
		};
		1D617B121AD1C7C50022D738 /* Release */ = {
			isa = XCBuildConfiguration;
			buildSettings = {
				ALWAYS_SEARCH_USER_PATHS = NO;
				CLANG_CXX_LANGUAGE_STANDARD = "gnu++0x";
				CLANG_CXX_LIBRARY = "libc++";
				CLANG_ENABLE_MODULES = YES;
				CLANG_ENABLE_OBJC_ARC = YES;
				CLANG_WARN_BOOL_CONVERSION = YES;
				CLANG_WARN_CONSTANT_CONVERSION = YES;
				CLANG_WARN_DIRECT_OBJC_ISA_USAGE = YES_ERROR;
				CLANG_WARN_EMPTY_BODY = YES;
				CLANG_WARN_ENUM_CONVERSION = YES;
				CLANG_WARN_INT_CONVERSION = YES;
				CLANG_WARN_OBJC_ROOT_CLASS = YES_ERROR;
				CLANG_WARN_UNREACHABLE_CODE = YES;
				CLANG_WARN__DUPLICATE_METHOD_MATCH = YES;
				"CODE_SIGN_IDENTITY[sdk=iphoneos*]" = "iPhone Developer";
				COPY_PHASE_STRIP = NO;
				DEBUG_INFORMATION_FORMAT = "dwarf-with-dsym";
				ENABLE_NS_ASSERTIONS = NO;
				ENABLE_STRICT_OBJC_MSGSEND = YES;
				GCC_C_LANGUAGE_STANDARD = gnu99;
				GCC_WARN_64_TO_32_BIT_CONVERSION = YES;
				GCC_WARN_ABOUT_RETURN_TYPE = YES_ERROR;
				GCC_WARN_UNDECLARED_SELECTOR = YES;
				GCC_WARN_UNINITIALIZED_AUTOS = YES_AGGRESSIVE;
				GCC_WARN_UNUSED_FUNCTION = YES;
				GCC_WARN_UNUSED_VARIABLE = YES;
				IPHONEOS_DEPLOYMENT_TARGET = 8.3;
				MTL_ENABLE_DEBUG_INFO = NO;
				SDKROOT = iphoneos;
				TARGETED_DEVICE_FAMILY = "1,2";
				VALIDATE_PRODUCT = YES;
			};
			name = Release;
		};
		1D617B141AD1C7C50022D738 /* Debug */ = {
			isa = XCBuildConfiguration;
			buildSettings = {
				ASSETCATALOG_COMPILER_APPICON_NAME = AppIcon;
				INFOPLIST_FILE = "PERSON BOWING DEEPLY/Info.plist";
				IPHONEOS_DEPLOYMENT_TARGET = 8.0;
				LD_RUNPATH_SEARCH_PATHS = "$(inherited) @executable_path/Frameworks";
				PRODUCT_NAME = "$(TARGET_NAME)";
			};
			name = Debug;
		};
		1D617B151AD1C7C50022D738 /* Release */ = {
			isa = XCBuildConfiguration;
			buildSettings = {
				ASSETCATALOG_COMPILER_APPICON_NAME = AppIcon;
				INFOPLIST_FILE = "PERSON BOWING DEEPLY/Info.plist";
				IPHONEOS_DEPLOYMENT_TARGET = 8.0;
				LD_RUNPATH_SEARCH_PATHS = "$(inherited) @executable_path/Frameworks";
				PRODUCT_NAME = "$(TARGET_NAME)";
			};
			name = Release;
		};
		1D617B171AD1C7C50022D738 /* Debug */ = {
			isa = XCBuildConfiguration;
			buildSettings = {
				BUNDLE_LOADER = "$(TEST_HOST)";
				FRAMEWORK_SEARCH_PATHS = (
					"$(SDKROOT)/Developer/Library/Frameworks",
					"$(inherited)",
				);
				GCC_PREPROCESSOR_DEFINITIONS = (
					"DEBUG=1",
					"$(inherited)",
				);
				INFOPLIST_FILE = "PERSON BOWING DEEPLYTests/Info.plist";
				LD_RUNPATH_SEARCH_PATHS = "$(inherited) @executable_path/Frameworks @loader_path/Frameworks";
				PRODUCT_NAME = "$(TARGET_NAME)";
				TEST_HOST = "$(BUILT_PRODUCTS_DIR)/PERSON BOWING DEEPLY.app/PERSON BOWING DEEPLY";
			};
			name = Debug;
		};
		1D617B181AD1C7C50022D738 /* Release */ = {
			isa = XCBuildConfiguration;
			buildSettings = {
				BUNDLE_LOADER = "$(TEST_HOST)";
				FRAMEWORK_SEARCH_PATHS = (
					"$(SDKROOT)/Developer/Library/Frameworks",
					"$(inherited)",
				);
				INFOPLIST_FILE = "PERSON BOWING DEEPLYTests/Info.plist";
				LD_RUNPATH_SEARCH_PATHS = "$(inherited) @executable_path/Frameworks @loader_path/Frameworks";
				PRODUCT_NAME = "$(TARGET_NAME)";
				TEST_HOST = "$(BUILT_PRODUCTS_DIR)/PERSON BOWING DEEPLY.app/PERSON BOWING DEEPLY";
			};
			name = Release;
		};
/* End XCBuildConfiguration section */

/* Begin XCConfigurationList section */
		1D617AE61AD1C7C50022D738 /* Build configuration list for PBXProject "PERSON BOWING DEEPLY" */ = {
			isa = XCConfigurationList;
			buildConfigurations = (
				1D617B111AD1C7C50022D738 /* Debug */,
				1D617B121AD1C7C50022D738 /* Release */,
			);
			defaultConfigurationIsVisible = 0;
			defaultConfigurationName = Release;
		};
		1D617B131AD1C7C50022D738 /* Build configuration list for PBXNativeTarget "PERSON BOWING DEEPLY" */ = {
			isa = XCConfigurationList;
			buildConfigurations = (
				1D617B141AD1C7C50022D738 /* Debug */,
				1D617B151AD1C7C50022D738 /* Release */,
			);
			defaultConfigurationIsVisible = 0;
			defaultConfigurationName = Release;
		};
		1D617B161AD1C7C50022D738 /* Build configuration list for PBXNativeTarget "PERSON BOWING DEEPLYTests" */ = {
			isa = XCConfigurationList;
			buildConfigurations = (
				1D617B171AD1C7C50022D738 /* Debug */,
				1D617B181AD1C7C50022D738 /* Release */,
			);
			defaultConfigurationIsVisible = 0;
			defaultConfigurationName = Release;
		};
/* End XCConfigurationList section */
	};
	rootObject = 1D617AE31AD1C7C50022D738 /* Project object */;
}
